
Microsoft Visual Studio Solution File, Format Version 12.00
# Visual Studio Version 17
VisualStudioVersion = 17.6.33829.357
MinimumVisualStudioVersion = 10.0.40219.1
Project("{FAE04EC0-301F-11D3-BF4B-00C04F79EFBC}") = "CapaPresentacionAdmin", "CapaPresentacionAdmin\CapaPresentacionAdmin.csproj", "{757E3E29-3357-4E56-BC97-531ED728607E}"
EndProject
Project("{FAE04EC0-301F-11D3-BF4B-00C04F79EFBC}") = "CapaPresentacionTienda", "CapaPresentacionTienda\CapaPresentacionTienda.csproj", "{57140F21-47EC-41AB-9AF4-0A08FED8E4D0}"
EndProject
Project("{FAE04EC0-301F-11D3-BF4B-00C04F79EFBC}") = "CapaDatos", "CapaDatos\CapaDatos.csproj", "{3B1BC834-16BE-4862-8333-AEB94047E2D7}"
EndProject
Project("{FAE04EC0-301F-11D3-BF4B-00C04F79EFBC}") = "CapaEntidad", "CapaEntidad\CapaEntidad.csproj", "{314CFDA6-B779-4959-B258-71F17CD117B9}"
EndProject
Project("{FAE04EC0-301F-11D3-BF4B-00C04F79EFBC}") = "CapaNegocio", "CapaNegocio\CapaNegocio.csproj", "{A28549AA-4231-46E8-A803-4AC16EE4EE07}"
EndProject
Global
	GlobalSection(SolutionConfigurationPlatforms) = preSolution
		Debug|Any CPU = Debug|Any CPU
		Release|Any CPU = Release|Any CPU
	EndGlobalSection
	GlobalSection(ProjectConfigurationPlatforms) = postSolution
		{757E3E29-3357-4E56-BC97-531ED728607E}.Debug|Any CPU.ActiveCfg = Debug|Any CPU
		{757E3E29-3357-4E56-BC97-531ED728607E}.Debug|Any CPU.Build.0 = Debug|Any CPU
		{757E3E29-3357-4E56-BC97-531ED728607E}.Release|Any CPU.ActiveCfg = Release|Any CPU
		{757E3E29-3357-4E56-BC97-531ED728607E}.Release|Any CPU.Build.0 = Release|Any CPU
		{57140F21-47EC-41AB-9AF4-0A08FED8E4D0}.Debug|Any CPU.ActiveCfg = Debug|Any CPU
		{57140F21-47EC-41AB-9AF4-0A08FED8E4D0}.Debug|Any CPU.Build.0 = Debug|Any CPU
		{57140F21-47EC-41AB-9AF4-0A08FED8E4D0}.Release|Any CPU.ActiveCfg = Release|Any CPU
		{57140F21-47EC-41AB-9AF4-0A08FED8E4D0}.Release|Any CPU.Build.0 = Release|Any CPU
		{3B1BC834-16BE-4862-8333-AEB94047E2D7}.Debug|Any CPU.ActiveCfg = Debug|Any CPU
		{3B1BC834-16BE-4862-8333-AEB94047E2D7}.Debug|Any CPU.Build.0 = Debug|Any CPU
		{3B1BC834-16BE-4862-8333-AEB94047E2D7}.Release|Any CPU.ActiveCfg = Release|Any CPU
		{3B1BC834-16BE-4862-8333-AEB94047E2D7}.Release|Any CPU.Build.0 = Release|Any CPU
		{314CFDA6-B779-4959-B258-71F17CD117B9}.Debug|Any CPU.ActiveCfg = Debug|Any CPU
		{314CFDA6-B779-4959-B258-71F17CD117B9}.Debug|Any CPU.Build.0 = Debug|Any CPU
		{314CFDA6-B779-4959-B258-71F17CD117B9}.Release|Any CPU.ActiveCfg = Release|Any CPU
		{314CFDA6-B779-4959-B258-71F17CD117B9}.Release|Any CPU.Build.0 = Release|Any CPU
		{A28549AA-4231-46E8-A803-4AC16EE4EE07}.Debug|Any CPU.ActiveCfg = Debug|Any CPU
		{A28549AA-4231-46E8-A803-4AC16EE4EE07}.Debug|Any CPU.Build.0 = Debug|Any CPU
		{A28549AA-4231-46E8-A803-4AC16EE4EE07}.Release|Any CPU.ActiveCfg = Release|Any CPU
		{A28549AA-4231-46E8-A803-4AC16EE4EE07}.Release|Any CPU.Build.0 = Release|Any CPU
	EndGlobalSection
	GlobalSection(SolutionProperties) = preSolution
		HideSolutionNode = FALSE
	EndGlobalSection
	GlobalSection(ExtensibilityGlobals) = postSolution
		SolutionGuid = {DC6D240E-5374-446E-8E9B-B2CCD492D166}
	EndGlobalSection
EndGlobal
